
Microsoft Visual Studio Solution File, Format Version 12.00
# Visual Studio 2012
Project("{FAE04EC0-301F-11D3-BF4B-00C04F79EFBC}") = "ORM", "ORM\ORM.csproj", "{68A02BC3-92D7-4AF5-B8F8-29341C9A280F}"
EndProject
Project("{FAE04EC0-301F-11D3-BF4B-00C04F79EFBC}") = "ORM.Test", "ORM.Test\ORM.Test.csproj", "{DE175670-A65F-4EC2-B6DB-2CAFDC833873}"
EndProject
Global
	GlobalSection(SolutionConfigurationPlatforms) = preSolution
		Debug|Any CPU = Debug|Any CPU
		Release|Any CPU = Release|Any CPU
	EndGlobalSection
	GlobalSection(ProjectConfigurationPlatforms) = postSolution
		{68A02BC3-92D7-4AF5-B8F8-29341C9A280F}.Debug|Any CPU.ActiveCfg = Debug|Any CPU
		{68A02BC3-92D7-4AF5-B8F8-29341C9A280F}.Debug|Any CPU.Build.0 = Debug|Any CPU
		{68A02BC3-92D7-4AF5-B8F8-29341C9A280F}.Release|Any CPU.ActiveCfg = Release|Any CPU
		{68A02BC3-92D7-4AF5-B8F8-29341C9A280F}.Release|Any CPU.Build.0 = Release|Any CPU
		{DE175670-A65F-4EC2-B6DB-2CAFDC833873}.Debug|Any CPU.ActiveCfg = Debug|Any CPU
		{DE175670-A65F-4EC2-B6DB-2CAFDC833873}.Debug|Any CPU.Build.0 = Debug|Any CPU
		{DE175670-A65F-4EC2-B6DB-2CAFDC833873}.Release|Any CPU.ActiveCfg = Release|Any CPU
		{DE175670-A65F-4EC2-B6DB-2CAFDC833873}.Release|Any CPU.Build.0 = Release|Any CPU
	EndGlobalSection
	GlobalSection(SolutionProperties) = preSolution
		HideSolutionNode = FALSE
	EndGlobalSection
EndGlobal
